// !$*UTF8*$!
{
	archiveVersion = 1;
	classes = {
	};
	objectVersion = 46;
	objects = {

/* Begin PBXBuildFile section */
		67B718692075EBB800F180D8 /* AppDelegate.swift in Sources */ = {isa = PBXBuildFile; fileRef = 67B718682075EBB800F180D8 /* AppDelegate.swift */; };
		67B7186B2075EBB800F180D8 /* ViewController.swift in Sources */ = {isa = PBXBuildFile; fileRef = 67B7186A2075EBB800F180D8 /* ViewController.swift */; };
		67B7186E2075EBB800F180D8 /* Main.storyboard in Resources */ = {isa = PBXBuildFile; fileRef = 67B7186C2075EBB800F180D8 /* Main.storyboard */; };
		67B718702075EBB800F180D8 /* Assets.xcassets in Resources */ = {isa = PBXBuildFile; fileRef = 67B7186F2075EBB800F180D8 /* Assets.xcassets */; };
		67B718732075EBB800F180D8 /* LaunchScreen.storyboard in Resources */ = {isa = PBXBuildFile; fileRef = 67B718712075EBB800F180D8 /* LaunchScreen.storyboard */; };
/* End PBXBuildFile section */

/* Begin PBXFileReference section */
		67B718652075EBB800F180D8 /* ScaleView.app */ = {isa = PBXFileReference; explicitFileType = wrapper.application; includeInIndex = 0; path = ScaleView.app; sourceTree = BUILT_PRODUCTS_DIR; };
		67B718682075EBB800F180D8 /* AppDelegate.swift */ = {isa = PBXFileReference; lastKnownFileType = sourcecode.swift; path = AppDelegate.swift; sourceTree = "<group>"; };
		67B7186A2075EBB800F180D8 /* ViewController.swift */ = {isa = PBXFileReference; lastKnownFileType = sourcecode.swift; path = ViewController.swift; sourceTree = "<group>"; };
		67B7186D2075EBB800F180D8 /* Base */ = {isa = PBXFileReference; lastKnownFileType = file.storyboard; name = Base; path = Base.lproj/Main.storyboard; sourceTree = "<group>"; };
		67B7186F2075EBB800F180D8 /* Assets.xcassets */ = {isa = PBXFileReference; lastKnownFileType = folder.assetcatalog; path = Assets.xcassets; sourceTree = "<group>"; };
		67B718722075EBB800F180D8 /* Base */ = {isa = PBXFileReference; lastKnownFileType = file.storyboard; name = Base; path = Base.lproj/LaunchScreen.storyboard; sourceTree = "<group>"; };
		67B718742075EBB800F180D8 /* Info.plist */ = {isa = PBXFileReference; lastKnownFileType = text.plist.xml; path = Info.plist; sourceTree = "<group>"; };
/* End PBXFileReference section */

/* Begin PBXFrameworksBuildPhase section */
		67B718622075EBB800F180D8 /* Frameworks */ = {
			isa = PBXFrameworksBuildPhase;
			buildActionMask = 2147483647;
			files = (
			);
			runOnlyForDeploymentPostprocessing = 0;
		};
/* End PBXFrameworksBuildPhase section */

/* Begin PBXGroup section */
		67B7185C2075EBB800F180D8 = {
			isa = PBXGroup;
			children = (
				67B718672075EBB800F180D8 /* ScaleView */,
				67B718662075EBB800F180D8 /* Products */,
			);
			sourceTree = "<group>";
		};
		67B718662075EBB800F180D8 /* Products */ = {
			isa = PBXGroup;
			children = (
				67B718652075EBB800F180D8 /* ScaleView.app */,
			);
			name = Products;
			sourceTree = "<group>";
		};
		67B718672075EBB800F180D8 /* ScaleView */ = {
			isa = PBXGroup;
			children = (
				67B718682075EBB800F180D8 /* AppDelegate.swift */,
				67B7186A2075EBB800F180D8 /* ViewController.swift */,
				67B7186C2075EBB800F180D8 /* Main.storyboard */,
				67B7186F2075EBB800F180D8 /* Assets.xcassets */,
				67B718712075EBB800F180D8 /* LaunchScreen.storyboard */,
				67B718742075EBB800F180D8 /* Info.plist */,
			);
			path = ScaleView;
			sourceTree = "<group>";
		};
/* End PBXGroup section */

/* Begin PBXNativeTarget section */
		67B718642075EBB800F180D8 /* ScaleView */ = {
			isa = PBXNativeTarget;
			buildConfigurationList = 67B718772075EBB800F180D8 /* Build configuration list for PBXNativeTarget "ScaleView" */;
			buildPhases = (
				67B718612075EBB800F180D8 /* Sources */,
				67B718622075EBB800F180D8 /* Frameworks */,
				67B718632075EBB800F180D8 /* Resources */,
			);
			buildRules = (
			);
			dependencies = (
			);
			name = ScaleView;
			productName = ScaleView;
			productReference = 67B718652075EBB800F180D8 /* ScaleView.app */;
			productType = "com.apple.product-type.application";
		};
/* End PBXNativeTarget section */

/* Begin PBXProject section */
		67B7185D2075EBB800F180D8 /* Project object */ = {
			isa = PBXProject;
			attributes = {
				LastSwiftUpdateCheck = 0830;
				LastUpgradeCheck = 0830;
				ORGANIZATIONNAME = "Vignesh J";
				TargetAttributes = {
					67B718642075EBB800F180D8 = {
						CreatedOnToolsVersion = 8.3.3;
						ProvisioningStyle = Automatic;
					};
				};
			};
			buildConfigurationList = 67B718602075EBB800F180D8 /* Build configuration list for PBXProject "ScaleView" */;
			compatibilityVersion = "Xcode 3.2";
			developmentRegion = English;
			hasScannedForEncodings = 0;
			knownRegions = (
				en,
				Base,
			);
			mainGroup = 67B7185C2075EBB800F180D8;
			productRefGroup = 67B718662075EBB800F180D8 /* Products */;
			projectDirPath = "";
			projectRoot = "";
			targets = (
				67B718642075EBB800F180D8 /* ScaleView */,
			);
		};
/* End PBXProject section */

/* Begin PBXResourcesBuildPhase section */
		67B718632075EBB800F180D8 /* Resources */ = {
			isa = PBXResourcesBuildPhase;
			buildActionMask = 2147483647;
			files = (
				67B718732075EBB800F180D8 /* LaunchScreen.storyboard in Resources */,
				67B718702075EBB800F180D8 /* Assets.xcassets in Resources */,
				67B7186E2075EBB800F180D8 /* Main.storyboard in Resources */,
			);
			runOnlyForDeploymentPostprocessing = 0;
		};
/* End PBXResourcesBuildPhase section */

/* Begin PBXSourcesBuildPhase section */
		67B718612075EBB800F180D8 /* Sources */ = {
			isa = PBXSourcesBuildPhase;
			buildActionMask = 2147483647;
			files = (
				67B7186B2075EBB800F180D8 /* ViewController.swift in Sources */,
				67B718692075EBB800F180D8 /* AppDelegate.swift in Sources */,
			);
			runOnlyForDeploymentPostprocessing = 0;
		};
/* End PBXSourcesBuildPhase section */

/* Begin PBXVariantGroup section */
		67B7186C2075EBB800F180D8 /* Main.storyboard */ = {
			isa = PBXVariantGroup;
			children = (
				67B7186D2075EBB800F180D8 /* Base */,
			);
			name = Main.storyboard;
			sourceTree = "<group>";
		};
		67B718712075EBB800F180D8 /* LaunchScreen.storyboard */ = {
			isa = PBXVariantGroup;
			children = (
				67B718722075EBB800F180D8 /* Base */,
			);
			name = LaunchScreen.storyboard;
			sourceTree = "<group>";
		};
/* End PBXVariantGroup section */

/* Begin XCBuildConfiguration section */
		67B718752075EBB800F180D8 /* Debug */ = {
			isa = XCBuildConfiguration;
			buildSettings = {
				ALWAYS_SEARCH_USER_PATHS = NO;
				CLANG_ANALYZER_NONNULL = YES;
				CLANG_ANALYZER_NUMBER_OBJECT_CONVERSION = YES_AGGRESSIVE;
				CLANG_CXX_LANGUAGE_STANDARD = "gnu++0x";
				CLANG_CXX_LIBRARY = "libc++";
				CLANG_ENABLE_MODULES = YES;
				CLANG_ENABLE_OBJC_ARC = YES;
				CLANG_WARN_BOOL_CONVERSION = YES;
				CLANG_WARN_CONSTANT_CONVERSION = YES;
				CLANG_WARN_DIRECT_OBJC_ISA_USAGE = YES_ERROR;
				CLANG_WARN_DOCUMENTATION_COMMENTS = YES;
				CLANG_WARN_EMPTY_BODY = YES;
				CLANG_WARN_ENUM_CONVERSION = YES;
				CLANG_WARN_INFINITE_RECURSION = YES;
				CLANG_WARN_INT_CONVERSION = YES;
				CLANG_WARN_OBJC_ROOT_CLASS = YES_ERROR;
				CLANG_WARN_SUSPICIOUS_MOVE = YES;
				CLANG_WARN_UNREACHABLE_CODE = YES;
				CLANG_WARN__DUPLICATE_METHOD_MATCH = YES;
				"CODE_SIGN_IDENTITY[sdk=iphoneos*]" = "iPhone Developer";
				COPY_PHASE_STRIP = NO;
				DEBUG_INFORMATION_FORMAT = dwarf;
				ENABLE_STRICT_OBJC_MSGSEND = YES;
				ENABLE_TESTABILITY = YES;
				GCC_C_LANGUAGE_STANDARD = gnu99;
				GCC_DYNAMIC_NO_PIC = NO;
				GCC_NO_COMMON_BLOCKS = YES;
				GCC_OPTIMIZATION_LEVEL = 0;
				GCC_PREPROCESSOR_DEFINITIONS = (
					"DEBUG=1",
					"$(inherited)",
				);
				GCC_WARN_64_TO_32_BIT_CONVERSION = YES;
				GCC_WARN_ABOUT_RETURN_TYPE = YES_ERROR;
				GCC_WARN_UNDECLARED_SELECTOR = YES;
				GCC_WARN_UNINITIALIZED_AUTOS = YES_AGGRESSIVE;
				GCC_WARN_UNUSED_FUNCTION = YES;
				GCC_WARN_UNUSED_VARIABLE = YES;
				IPHONEOS_DEPLOYMENT_TARGET = 10.3;
				MTL_ENABLE_DEBUG_INFO = YES;
				ONLY_ACTIVE_ARCH = YES;
				SDKROOT = iphoneos;
				SWIFT_ACTIVE_COMPILATION_CONDITIONS = DEBUG;
				SWIFT_OPTIMIZATION_LEVEL = "-Onone";
				TARGETED_DEVICE_FAMILY = "1,2";
			};
			name = Debug;
		};
		67B718762075EBB800F180D8 /* Release */ = {
			isa = XCBuildConfiguration;
			buildSettings = {
				ALWAYS_SEARCH_USER_PATHS = NO;
				CLANG_ANALYZER_NONNULL = YES;
				CLANG_ANALYZER_NUMBER_OBJECT_CONVERSION = YES_AGGRESSIVE;
				CLANG_CXX_LANGUAGE_STANDARD = "gnu++0x";
				CLANG_CXX_LIBRARY = "libc++";
				CLANG_ENABLE_MODULES = YES;
				CLANG_ENABLE_OBJC_ARC = YES;
				CLANG_WARN_BOOL_CONVERSION = YES;
				CLANG_WARN_CONSTANT_CONVERSION = YES;
				CLANG_WARN_DIRECT_OBJC_ISA_USAGE = YES_ERROR;
				CLANG_WARN_DOCUMENTATION_COMMENTS = YES;
				CLANG_WARN_EMPTY_BODY = YES;
				CLANG_WARN_ENUM_CONVERSION = YES;
				CLANG_WARN_INFINITE_RECURSION = YES;
				CLANG_WARN_INT_CONVERSION = YES;
				CLANG_WARN_OBJC_ROOT_CLASS = YES_ERROR;
				CLANG_WARN_SUSPICIOUS_MOVE = YES;
				CLANG_WARN_UNREACHABLE_CODE = YES;
				CLANG_WARN__DUPLICATE_METHOD_MATCH = YES;
				"CODE_SIGN_IDENTITY[sdk=iphoneos*]" = "iPhone Developer";
				COPY_PHASE_STRIP = NO;
				DEBUG_INFORMATION_FORMAT = "dwarf-with-dsym";
				ENABLE_NS_ASSERTIONS = NO;
				ENABLE_STRICT_OBJC_MSGSEND = YES;
				GCC_C_LANGUAGE_STANDARD = gnu99;
				GCC_NO_COMMON_BLOCKS = YES;
				GCC_WARN_64_TO_32_BIT_CONVERSION = YES;
				GCC_WARN_ABOUT_RETURN_TYPE = YES_ERROR;
				GCC_WARN_UNDECLARED_SELECTOR = YES;
				GCC_WARN_UNINITIALIZED_AUTOS = YES_AGGRESSIVE;
				GCC_WARN_UNUSED_FUNCTION = YES;
				GCC_WARN_UNUSED_VARIABLE = YES;
				IPHONEOS_DEPLOYMENT_TARGET = 10.3;
				MTL_ENABLE_DEBUG_INFO = NO;
				SDKROOT = iphoneos;
				SWIFT_OPTIMIZATION_LEVEL = "-Owholemodule";
				TARGETED_DEVICE_FAMILY = "1,2";
				VALIDATE_PRODUCT = YES;
			};
			name = Release;
		};
		67B718782075EBB800F180D8 /* Debug */ = {
			isa = XCBuildConfiguration;
			buildSettings = {
				ASSETCATALOG_COMPILER_APPICON_NAME = AppIcon;
				INFOPLIST_FILE = ScaleView/Info.plist;
				LD_RUNPATH_SEARCH_PATHS = "$(inherited) @executable_path/Frameworks";
				PRODUCT_BUNDLE_IDENTIFIER = com.vigneshjeyaraj.ScaleView;
				PRODUCT_NAME = "$(TARGET_NAME)";
				SWIFT_VERSION = 3.0;
			};
			name = Debug;
		};
		67B718792075EBB800F180D8 /* Release */ = {
			isa = XCBuildConfiguration;
			buildSettings = {
				ASSETCATALOG_COMPILER_APPICON_NAME = AppIcon;
				INFOPLIST_FILE = ScaleView/Info.plist;
				LD_RUNPATH_SEARCH_PATHS = "$(inherited) @executable_path/Frameworks";
				PRODUCT_BUNDLE_IDENTIFIER = com.vigneshjeyaraj.ScaleView;
				PRODUCT_NAME = "$(TARGET_NAME)";
				SWIFT_VERSION = 3.0;
			};
			name = Release;
		};
/* End XCBuildConfiguration section */

/* Begin XCConfigurationList section */
		67B718602075EBB800F180D8 /* Build configuration list for PBXProject "ScaleView" */ = {
			isa = XCConfigurationList;
			buildConfigurations = (
				67B718752075EBB800F180D8 /* Debug */,
				67B718762075EBB800F180D8 /* Release */,
			);
			defaultConfigurationIsVisible = 0;
			defaultConfigurationName = Release;
		};
		67B718772075EBB800F180D8 /* Build configuration list for PBXNativeTarget "ScaleView" */ = {
			isa = XCConfigurationList;
			buildConfigurations = (
				67B718782075EBB800F180D8 /* Debug */,
				67B718792075EBB800F180D8 /* Release */,
			);
			defaultConfigurationIsVisible = 0;
		};
/* End XCConfigurationList section */
	};
	rootObject = 67B7185D2075EBB800F180D8 /* Project object */;
}
